
Microsoft Visual Studio Solution File, Format Version 12.00
# Visual Studio for Mac
Project("{FAE04EC0-301F-11D3-BF4B-00C04F79EFBC}") = "Assembly-CSharp", "Assembly-CSharp.csproj", "{7C3AB3E5-32D7-EB31-4F1D-6E8F49A45606}"
EndProject
Project("{FAE04EC0-301F-11D3-BF4B-00C04F79EFBC}") = "Assembly-CSharp-Editor", "Assembly-CSharp-Editor.csproj", "{F643DD15-8A93-9EE2-42CF-C2A8EFE78444}"
EndProject
Global
	GlobalSection(SolutionConfigurationPlatforms) = preSolution
		Debug|Any CPU = Debug|Any CPU
		Release|Any CPU = Release|Any CPU
	EndGlobalSection
	GlobalSection(ProjectConfigurationPlatforms) = postSolution
		{7C3AB3E5-32D7-EB31-4F1D-6E8F49A45606}.Debug|Any CPU.ActiveCfg = Debug|Any CPU
		{7C3AB3E5-32D7-EB31-4F1D-6E8F49A45606}.Debug|Any CPU.Build.0 = Debug|Any CPU
		{7C3AB3E5-32D7-EB31-4F1D-6E8F49A45606}.Release|Any CPU.ActiveCfg = Release|Any CPU
		{7C3AB3E5-32D7-EB31-4F1D-6E8F49A45606}.Release|Any CPU.Build.0 = Release|Any CPU
		{F643DD15-8A93-9EE2-42CF-C2A8EFE78444}.Debug|Any CPU.ActiveCfg = Debug|Any CPU
		{F643DD15-8A93-9EE2-42CF-C2A8EFE78444}.Debug|Any CPU.Build.0 = Debug|Any CPU
		{F643DD15-8A93-9EE2-42CF-C2A8EFE78444}.Release|Any CPU.ActiveCfg = Release|Any CPU
		{F643DD15-8A93-9EE2-42CF-C2A8EFE78444}.Release|Any CPU.Build.0 = Release|Any CPU
	EndGlobalSection
	GlobalSection(SolutionProperties) = preSolution
		HideSolutionNode = FALSE
	EndGlobalSection
EndGlobal
