
Microsoft Visual Studio Solution File, Format Version 11.00
# Visual Studio 2010
Project("{FAE04EC0-301F-11D3-BF4B-00C04F79EFBC}") = "Assembly-CSharp", "Assembly-CSharp.csproj", "{AD74CFD8-5DC1-92BE-A35D-DFBFD223DEF9}"
EndProject
Project("{FAE04EC0-301F-11D3-BF4B-00C04F79EFBC}") = "Assembly-CSharp-Editor", "Assembly-CSharp-Editor.csproj", "{DE7E97BA-28A1-93BE-B41A-0DD6301418BA}"
EndProject
Global
	GlobalSection(SolutionConfigurationPlatforms) = preSolution
		Debug|Any CPU = Debug|Any CPU
		Release|Any CPU = Release|Any CPU
	EndGlobalSection
	GlobalSection(ProjectConfigurationPlatforms) = postSolution
		{AD74CFD8-5DC1-92BE-A35D-DFBFD223DEF9}.Debug|Any CPU.ActiveCfg = Debug|Any CPU
		{AD74CFD8-5DC1-92BE-A35D-DFBFD223DEF9}.Debug|Any CPU.Build.0 = Debug|Any CPU
		{AD74CFD8-5DC1-92BE-A35D-DFBFD223DEF9}.Release|Any CPU.ActiveCfg = Release|Any CPU
		{AD74CFD8-5DC1-92BE-A35D-DFBFD223DEF9}.Release|Any CPU.Build.0 = Release|Any CPU
		{DE7E97BA-28A1-93BE-B41A-0DD6301418BA}.Debug|Any CPU.ActiveCfg = Debug|Any CPU
		{DE7E97BA-28A1-93BE-B41A-0DD6301418BA}.Debug|Any CPU.Build.0 = Debug|Any CPU
		{DE7E97BA-28A1-93BE-B41A-0DD6301418BA}.Release|Any CPU.ActiveCfg = Release|Any CPU
		{DE7E97BA-28A1-93BE-B41A-0DD6301418BA}.Release|Any CPU.Build.0 = Release|Any CPU
	EndGlobalSection
	GlobalSection(SolutionProperties) = preSolution
		HideSolutionNode = FALSE
	EndGlobalSection
	GlobalSection(MonoDevelopProperties) = preSolution
		StartupItem = Assembly-CSharp.csproj
	EndGlobalSection
EndGlobal
